// !$*UTF8*$!
{
	archiveVersion = 1;
	classes = {
	};
	objectVersion = 48;
	objects = {

/* Begin PBXBuildFile section */
		C67064881FE1E57600C86B55 /* AppDelegate.swift in Sources */ = {isa = PBXBuildFile; fileRef = C67064871FE1E57600C86B55 /* AppDelegate.swift */; };
		C670648A1FE1E57600C86B55 /* ViewController.swift in Sources */ = {isa = PBXBuildFile; fileRef = C67064891FE1E57600C86B55 /* ViewController.swift */; };
		C670648D1FE1E57600C86B55 /* Main.storyboard in Resources */ = {isa = PBXBuildFile; fileRef = C670648B1FE1E57600C86B55 /* Main.storyboard */; };
		C670648F1FE1E57600C86B55 /* Assets.xcassets in Resources */ = {isa = PBXBuildFile; fileRef = C670648E1FE1E57600C86B55 /* Assets.xcassets */; };
		C67064921FE1E57600C86B55 /* LaunchScreen.storyboard in Resources */ = {isa = PBXBuildFile; fileRef = C67064901FE1E57600C86B55 /* LaunchScreen.storyboard */; };
		C670649D1FE1E57600C86B55 /* tippyTests.swift in Sources */ = {isa = PBXBuildFile; fileRef = C670649C1FE1E57600C86B55 /* tippyTests.swift */; };
		C67064A81FE1E57600C86B55 /* tippyUITests.swift in Sources */ = {isa = PBXBuildFile; fileRef = C67064A71FE1E57600C86B55 /* tippyUITests.swift */; };
/* End PBXBuildFile section */

/* Begin PBXContainerItemProxy section */
		C67064991FE1E57600C86B55 /* PBXContainerItemProxy */ = {
			isa = PBXContainerItemProxy;
			containerPortal = C670647C1FE1E57500C86B55 /* Project object */;
			proxyType = 1;
			remoteGlobalIDString = C67064831FE1E57600C86B55;
			remoteInfo = tippy;
		};
		C67064A41FE1E57600C86B55 /* PBXContainerItemProxy */ = {
			isa = PBXContainerItemProxy;
			containerPortal = C670647C1FE1E57500C86B55 /* Project object */;
			proxyType = 1;
			remoteGlobalIDString = C67064831FE1E57600C86B55;
			remoteInfo = tippy;
		};
/* End PBXContainerItemProxy section */

/* Begin PBXFileReference section */
		C67064841FE1E57600C86B55 /* tippy.app */ = {isa = PBXFileReference; explicitFileType = wrapper.application; includeInIndex = 0; path = tippy.app; sourceTree = BUILT_PRODUCTS_DIR; };
		C67064871FE1E57600C86B55 /* AppDelegate.swift */ = {isa = PBXFileReference; lastKnownFileType = sourcecode.swift; path = AppDelegate.swift; sourceTree = "<group>"; };
		C67064891FE1E57600C86B55 /* ViewController.swift */ = {isa = PBXFileReference; lastKnownFileType = sourcecode.swift; path = ViewController.swift; sourceTree = "<group>"; };
		C670648C1FE1E57600C86B55 /* Base */ = {isa = PBXFileReference; lastKnownFileType = file.storyboard; name = Base; path = Base.lproj/Main.storyboard; sourceTree = "<group>"; };
		C670648E1FE1E57600C86B55 /* Assets.xcassets */ = {isa = PBXFileReference; lastKnownFileType = folder.assetcatalog; path = Assets.xcassets; sourceTree = "<group>"; };
		C67064911FE1E57600C86B55 /* Base */ = {isa = PBXFileReference; lastKnownFileType = file.storyboard; name = Base; path = Base.lproj/LaunchScreen.storyboard; sourceTree = "<group>"; };
		C67064931FE1E57600C86B55 /* Info.plist */ = {isa = PBXFileReference; lastKnownFileType = text.plist.xml; path = Info.plist; sourceTree = "<group>"; };
		C67064981FE1E57600C86B55 /* tippyTests.xctest */ = {isa = PBXFileReference; explicitFileType = wrapper.cfbundle; includeInIndex = 0; path = tippyTests.xctest; sourceTree = BUILT_PRODUCTS_DIR; };
		C670649C1FE1E57600C86B55 /* tippyTests.swift */ = {isa = PBXFileReference; lastKnownFileType = sourcecode.swift; path = tippyTests.swift; sourceTree = "<group>"; };
		C670649E1FE1E57600C86B55 /* Info.plist */ = {isa = PBXFileReference; lastKnownFileType = text.plist.xml; path = Info.plist; sourceTree = "<group>"; };
		C67064A31FE1E57600C86B55 /* tippyUITests.xctest */ = {isa = PBXFileReference; explicitFileType = wrapper.cfbundle; includeInIndex = 0; path = tippyUITests.xctest; sourceTree = BUILT_PRODUCTS_DIR; };
		C67064A71FE1E57600C86B55 /* tippyUITests.swift */ = {isa = PBXFileReference; lastKnownFileType = sourcecode.swift; path = tippyUITests.swift; sourceTree = "<group>"; };
		C67064A91FE1E57600C86B55 /* Info.plist */ = {isa = PBXFileReference; lastKnownFileType = text.plist.xml; path = Info.plist; sourceTree = "<group>"; };
/* End PBXFileReference section */

/* Begin PBXFrameworksBuildPhase section */
		C67064811FE1E57600C86B55 /* Frameworks */ = {
			isa = PBXFrameworksBuildPhase;
			buildActionMask = 2147483647;
			files = (
			);
			runOnlyForDeploymentPostprocessing = 0;
		};
		C67064951FE1E57600C86B55 /* Frameworks */ = {
			isa = PBXFrameworksBuildPhase;
			buildActionMask = 2147483647;
			files = (
			);
			runOnlyForDeploymentPostprocessing = 0;
		};
		C67064A01FE1E57600C86B55 /* Frameworks */ = {
			isa = PBXFrameworksBuildPhase;
			buildActionMask = 2147483647;
			files = (
			);
			runOnlyForDeploymentPostprocessing = 0;
		};
/* End PBXFrameworksBuildPhase section */

/* Begin PBXGroup section */
		C670647B1FE1E57500C86B55 = {
			isa = PBXGroup;
			children = (
				C67064861FE1E57600C86B55 /* tippy */,
				C670649B1FE1E57600C86B55 /* tippyTests */,
				C67064A61FE1E57600C86B55 /* tippyUITests */,
				C67064851FE1E57600C86B55 /* Products */,
			);
			sourceTree = "<group>";
		};
		C67064851FE1E57600C86B55 /* Products */ = {
			isa = PBXGroup;
			children = (
				C67064841FE1E57600C86B55 /* tippy.app */,
				C67064981FE1E57600C86B55 /* tippyTests.xctest */,
				C67064A31FE1E57600C86B55 /* tippyUITests.xctest */,
			);
			name = Products;
			sourceTree = "<group>";
		};
		C67064861FE1E57600C86B55 /* tippy */ = {
			isa = PBXGroup;
			children = (
				C67064871FE1E57600C86B55 /* AppDelegate.swift */,
				C67064891FE1E57600C86B55 /* ViewController.swift */,
				C670648B1FE1E57600C86B55 /* Main.storyboard */,
				C670648E1FE1E57600C86B55 /* Assets.xcassets */,
				C67064901FE1E57600C86B55 /* LaunchScreen.storyboard */,
				C67064931FE1E57600C86B55 /* Info.plist */,
			);
			path = tippy;
			sourceTree = "<group>";
		};
		C670649B1FE1E57600C86B55 /* tippyTests */ = {
			isa = PBXGroup;
			children = (
				C670649C1FE1E57600C86B55 /* tippyTests.swift */,
				C670649E1FE1E57600C86B55 /* Info.plist */,
			);
			path = tippyTests;
			sourceTree = "<group>";
		};
		C67064A61FE1E57600C86B55 /* tippyUITests */ = {
			isa = PBXGroup;
			children = (
				C67064A71FE1E57600C86B55 /* tippyUITests.swift */,
				C67064A91FE1E57600C86B55 /* Info.plist */,
			);
			path = tippyUITests;
			sourceTree = "<group>";
		};
/* End PBXGroup section */

/* Begin PBXNativeTarget section */
		C67064831FE1E57600C86B55 /* tippy */ = {
			isa = PBXNativeTarget;
			buildConfigurationList = C67064AC1FE1E57600C86B55 /* Build configuration list for PBXNativeTarget "tippy" */;
			buildPhases = (
				C67064801FE1E57600C86B55 /* Sources */,
				C67064811FE1E57600C86B55 /* Frameworks */,
				C67064821FE1E57600C86B55 /* Resources */,
			);
			buildRules = (
			);
			dependencies = (
			);
			name = tippy;
			productName = tippy;
			productReference = C67064841FE1E57600C86B55 /* tippy.app */;
			productType = "com.apple.product-type.application";
		};
		C67064971FE1E57600C86B55 /* tippyTests */ = {
			isa = PBXNativeTarget;
			buildConfigurationList = C67064AF1FE1E57600C86B55 /* Build configuration list for PBXNativeTarget "tippyTests" */;
			buildPhases = (
				C67064941FE1E57600C86B55 /* Sources */,
				C67064951FE1E57600C86B55 /* Frameworks */,
				C67064961FE1E57600C86B55 /* Resources */,
			);
			buildRules = (
			);
			dependencies = (
				C670649A1FE1E57600C86B55 /* PBXTargetDependency */,
			);
			name = tippyTests;
			productName = tippyTests;
			productReference = C67064981FE1E57600C86B55 /* tippyTests.xctest */;
			productType = "com.apple.product-type.bundle.unit-test";
		};
		C67064A21FE1E57600C86B55 /* tippyUITests */ = {
			isa = PBXNativeTarget;
			buildConfigurationList = C67064B21FE1E57600C86B55 /* Build configuration list for PBXNativeTarget "tippyUITests" */;
			buildPhases = (
				C670649F1FE1E57600C86B55 /* Sources */,
				C67064A01FE1E57600C86B55 /* Frameworks */,
				C67064A11FE1E57600C86B55 /* Resources */,
			);
			buildRules = (
			);
			dependencies = (
				C67064A51FE1E57600C86B55 /* PBXTargetDependency */,
			);
			name = tippyUITests;
			productName = tippyUITests;
			productReference = C67064A31FE1E57600C86B55 /* tippyUITests.xctest */;
			productType = "com.apple.product-type.bundle.ui-testing";
		};
/* End PBXNativeTarget section */

/* Begin PBXProject section */
		C670647C1FE1E57500C86B55 /* Project object */ = {
			isa = PBXProject;
			attributes = {
				LastSwiftUpdateCheck = 0920;
				LastUpgradeCheck = 0920;
				ORGANIZATIONNAME = "Patrick Tirtapraja";
				TargetAttributes = {
					C67064831FE1E57600C86B55 = {
						CreatedOnToolsVersion = 9.2;
						ProvisioningStyle = Automatic;
					};
					C67064971FE1E57600C86B55 = {
						CreatedOnToolsVersion = 9.2;
						ProvisioningStyle = Automatic;
						TestTargetID = C67064831FE1E57600C86B55;
					};
					C67064A21FE1E57600C86B55 = {
						CreatedOnToolsVersion = 9.2;
						ProvisioningStyle = Automatic;
						TestTargetID = C67064831FE1E57600C86B55;
					};
				};
			};
			buildConfigurationList = C670647F1FE1E57500C86B55 /* Build configuration list for PBXProject "tippy" */;
			compatibilityVersion = "Xcode 8.0";
			developmentRegion = en;
			hasScannedForEncodings = 0;
			knownRegions = (
				en,
				Base,
			);
			mainGroup = C670647B1FE1E57500C86B55;
			productRefGroup = C67064851FE1E57600C86B55 /* Products */;
			projectDirPath = "";
			projectRoot = "";
			targets = (
				C67064831FE1E57600C86B55 /* tippy */,
				C67064971FE1E57600C86B55 /* tippyTests */,
				C67064A21FE1E57600C86B55 /* tippyUITests */,
			);
		};
/* End PBXProject section */

/* Begin PBXResourcesBuildPhase section */
		C67064821FE1E57600C86B55 /* Resources */ = {
			isa = PBXResourcesBuildPhase;
			buildActionMask = 2147483647;
			files = (
				C67064921FE1E57600C86B55 /* LaunchScreen.storyboard in Resources */,
				C670648F1FE1E57600C86B55 /* Assets.xcassets in Resources */,
				C670648D1FE1E57600C86B55 /* Main.storyboard in Resources */,
			);
			runOnlyForDeploymentPostprocessing = 0;
		};
		C67064961FE1E57600C86B55 /* Resources */ = {
			isa = PBXResourcesBuildPhase;
			buildActionMask = 2147483647;
			files = (
			);
			runOnlyForDeploymentPostprocessing = 0;
		};
		C67064A11FE1E57600C86B55 /* Resources */ = {
			isa = PBXResourcesBuildPhase;
			buildActionMask = 2147483647;
			files = (
			);
			runOnlyForDeploymentPostprocessing = 0;
		};
/* End PBXResourcesBuildPhase section */

/* Begin PBXSourcesBuildPhase section */
		C67064801FE1E57600C86B55 /* Sources */ = {
			isa = PBXSourcesBuildPhase;
			buildActionMask = 2147483647;
			files = (
				C670648A1FE1E57600C86B55 /* ViewController.swift in Sources */,
				C67064881FE1E57600C86B55 /* AppDelegate.swift in Sources */,
			);
			runOnlyForDeploymentPostprocessing = 0;
		};
		C67064941FE1E57600C86B55 /* Sources */ = {
			isa = PBXSourcesBuildPhase;
			buildActionMask = 2147483647;
			files = (
				C670649D1FE1E57600C86B55 /* tippyTests.swift in Sources */,
			);
			runOnlyForDeploymentPostprocessing = 0;
		};
		C670649F1FE1E57600C86B55 /* Sources */ = {
			isa = PBXSourcesBuildPhase;
			buildActionMask = 2147483647;
			files = (
				C67064A81FE1E57600C86B55 /* tippyUITests.swift in Sources */,
			);
			runOnlyForDeploymentPostprocessing = 0;
		};
/* End PBXSourcesBuildPhase section */

/* Begin PBXTargetDependency section */
		C670649A1FE1E57600C86B55 /* PBXTargetDependency */ = {
			isa = PBXTargetDependency;
			target = C67064831FE1E57600C86B55 /* tippy */;
			targetProxy = C67064991FE1E57600C86B55 /* PBXContainerItemProxy */;
		};
		C67064A51FE1E57600C86B55 /* PBXTargetDependency */ = {
			isa = PBXTargetDependency;
			target = C67064831FE1E57600C86B55 /* tippy */;
			targetProxy = C67064A41FE1E57600C86B55 /* PBXContainerItemProxy */;
		};
/* End PBXTargetDependency section */

/* Begin PBXVariantGroup section */
		C670648B1FE1E57600C86B55 /* Main.storyboard */ = {
			isa = PBXVariantGroup;
			children = (
				C670648C1FE1E57600C86B55 /* Base */,
			);
			name = Main.storyboard;
			sourceTree = "<group>";
		};
		C67064901FE1E57600C86B55 /* LaunchScreen.storyboard */ = {
			isa = PBXVariantGroup;
			children = (
				C67064911FE1E57600C86B55 /* Base */,
			);
			name = LaunchScreen.storyboard;
			sourceTree = "<group>";
		};
/* End PBXVariantGroup section */

/* Begin XCBuildConfiguration section */
		C67064AA1FE1E57600C86B55 /* Debug */ = {
			isa = XCBuildConfiguration;
			buildSettings = {
				ALWAYS_SEARCH_USER_PATHS = NO;
				CLANG_ANALYZER_NONNULL = YES;
				CLANG_ANALYZER_NUMBER_OBJECT_CONVERSION = YES_AGGRESSIVE;
				CLANG_CXX_LANGUAGE_STANDARD = "gnu++14";
				CLANG_CXX_LIBRARY = "libc++";
				CLANG_ENABLE_MODULES = YES;
				CLANG_ENABLE_OBJC_ARC = YES;
				CLANG_WARN_BLOCK_CAPTURE_AUTORELEASING = YES;
				CLANG_WARN_BOOL_CONVERSION = YES;
				CLANG_WARN_COMMA = YES;
				CLANG_WARN_CONSTANT_CONVERSION = YES;
				CLANG_WARN_DIRECT_OBJC_ISA_USAGE = YES_ERROR;
				CLANG_WARN_DOCUMENTATION_COMMENTS = YES;
				CLANG_WARN_EMPTY_BODY = YES;
				CLANG_WARN_ENUM_CONVERSION = YES;
				CLANG_WARN_INFINITE_RECURSION = YES;
				CLANG_WARN_INT_CONVERSION = YES;
				CLANG_WARN_NON_LITERAL_NULL_CONVERSION = YES;
				CLANG_WARN_OBJC_LITERAL_CONVERSION = YES;
				CLANG_WARN_OBJC_ROOT_CLASS = YES_ERROR;
				CLANG_WARN_RANGE_LOOP_ANALYSIS = YES;
				CLANG_WARN_STRICT_PROTOTYPES = YES;
				CLANG_WARN_SUSPICIOUS_MOVE = YES;
				CLANG_WARN_UNGUARDED_AVAILABILITY = YES_AGGRESSIVE;
				CLANG_WARN_UNREACHABLE_CODE = YES;
				CLANG_WARN__DUPLICATE_METHOD_MATCH = YES;
				CODE_SIGN_IDENTITY = "iPhone Developer";
				COPY_PHASE_STRIP = NO;
				DEBUG_INFORMATION_FORMAT = dwarf;
				ENABLE_STRICT_OBJC_MSGSEND = YES;
				ENABLE_TESTABILITY = YES;
				GCC_C_LANGUAGE_STANDARD = gnu11;
				GCC_DYNAMIC_NO_PIC = NO;
				GCC_NO_COMMON_BLOCKS = YES;
				GCC_OPTIMIZATION_LEVEL = 0;
				GCC_PREPROCESSOR_DEFINITIONS = (
					"DEBUG=1",
					"$(inherited)",
				);
				GCC_WARN_64_TO_32_BIT_CONVERSION = YES;
				GCC_WARN_ABOUT_RETURN_TYPE = YES_ERROR;
				GCC_WARN_UNDECLARED_SELECTOR = YES;
				GCC_WARN_UNINITIALIZED_AUTOS = YES_AGGRESSIVE;
				GCC_WARN_UNUSED_FUNCTION = YES;
				GCC_WARN_UNUSED_VARIABLE = YES;
				IPHONEOS_DEPLOYMENT_TARGET = 11.2;
				MTL_ENABLE_DEBUG_INFO = YES;
				ONLY_ACTIVE_ARCH = YES;
				SDKROOT = iphoneos;
				SWIFT_ACTIVE_COMPILATION_CONDITIONS = DEBUG;
				SWIFT_OPTIMIZATION_LEVEL = "-Onone";
			};
			name = Debug;
		};
		C67064AB1FE1E57600C86B55 /* Release */ = {
			isa = XCBuildConfiguration;
			buildSettings = {
				ALWAYS_SEARCH_USER_PATHS = NO;
				CLANG_ANALYZER_NONNULL = YES;
				CLANG_ANALYZER_NUMBER_OBJECT_CONVERSION = YES_AGGRESSIVE;
				CLANG_CXX_LANGUAGE_STANDARD = "gnu++14";
				CLANG_CXX_LIBRARY = "libc++";
				CLANG_ENABLE_MODULES = YES;
				CLANG_ENABLE_OBJC_ARC = YES;
				CLANG_WARN_BLOCK_CAPTURE_AUTORELEASING = YES;
				CLANG_WARN_BOOL_CONVERSION = YES;
				CLANG_WARN_COMMA = YES;
				CLANG_WARN_CONSTANT_CONVERSION = YES;
				CLANG_WARN_DIRECT_OBJC_ISA_USAGE = YES_ERROR;
				CLANG_WARN_DOCUMENTATION_COMMENTS = YES;
				CLANG_WARN_EMPTY_BODY = YES;
				CLANG_WARN_ENUM_CONVERSION = YES;
				CLANG_WARN_INFINITE_RECURSION = YES;
				CLANG_WARN_INT_CONVERSION = YES;
				CLANG_WARN_NON_LITERAL_NULL_CONVERSION = YES;
				CLANG_WARN_OBJC_LITERAL_CONVERSION = YES;
				CLANG_WARN_OBJC_ROOT_CLASS = YES_ERROR;
				CLANG_WARN_RANGE_LOOP_ANALYSIS = YES;
				CLANG_WARN_STRICT_PROTOTYPES = YES;
				CLANG_WARN_SUSPICIOUS_MOVE = YES;
				CLANG_WARN_UNGUARDED_AVAILABILITY = YES_AGGRESSIVE;
				CLANG_WARN_UNREACHABLE_CODE = YES;
				CLANG_WARN__DUPLICATE_METHOD_MATCH = YES;
				CODE_SIGN_IDENTITY = "iPhone Developer";
				COPY_PHASE_STRIP = NO;
				DEBUG_INFORMATION_FORMAT = "dwarf-with-dsym";
				ENABLE_NS_ASSERTIONS = NO;
				ENABLE_STRICT_OBJC_MSGSEND = YES;
				GCC_C_LANGUAGE_STANDARD = gnu11;
				GCC_NO_COMMON_BLOCKS = YES;
				GCC_WARN_64_TO_32_BIT_CONVERSION = YES;
				GCC_WARN_ABOUT_RETURN_TYPE = YES_ERROR;
				GCC_WARN_UNDECLARED_SELECTOR = YES;
				GCC_WARN_UNINITIALIZED_AUTOS = YES_AGGRESSIVE;
				GCC_WARN_UNUSED_FUNCTION = YES;
				GCC_WARN_UNUSED_VARIABLE = YES;
				IPHONEOS_DEPLOYMENT_TARGET = 11.2;
				MTL_ENABLE_DEBUG_INFO = NO;
				SDKROOT = iphoneos;
				SWIFT_OPTIMIZATION_LEVEL = "-Owholemodule";
				VALIDATE_PRODUCT = YES;
			};
			name = Release;
		};
		C67064AD1FE1E57600C86B55 /* Debug */ = {
			isa = XCBuildConfiguration;
			buildSettings = {
				ASSETCATALOG_COMPILER_APPICON_NAME = AppIcon;
				CODE_SIGN_STYLE = Automatic;
				DEVELOPMENT_TEAM = Q7B2VTY86S;
				INFOPLIST_FILE = tippy/Info.plist;
				LD_RUNPATH_SEARCH_PATHS = "$(inherited) @executable_path/Frameworks";
				PRODUCT_BUNDLE_IDENTIFIER = courses.cs.purdue.edu.tippy;
				PRODUCT_NAME = "$(TARGET_NAME)";
				SWIFT_VERSION = 4.0;
				TARGETED_DEVICE_FAMILY = "1,2";
			};
			name = Debug;
		};
		C67064AE1FE1E57600C86B55 /* Release */ = {
			isa = XCBuildConfiguration;
			buildSettings = {
				ASSETCATALOG_COMPILER_APPICON_NAME = AppIcon;
				CODE_SIGN_STYLE = Automatic;
				DEVELOPMENT_TEAM = Q7B2VTY86S;
				INFOPLIST_FILE = tippy/Info.plist;
				LD_RUNPATH_SEARCH_PATHS = "$(inherited) @executable_path/Frameworks";
				PRODUCT_BUNDLE_IDENTIFIER = courses.cs.purdue.edu.tippy;
				PRODUCT_NAME = "$(TARGET_NAME)";
				SWIFT_VERSION = 4.0;
				TARGETED_DEVICE_FAMILY = "1,2";
			};
			name = Release;
		};
		C67064B01FE1E57600C86B55 /* Debug */ = {
			isa = XCBuildConfiguration;
			buildSettings = {
				ALWAYS_EMBED_SWIFT_STANDARD_LIBRARIES = YES;
				BUNDLE_LOADER = "$(TEST_HOST)";
				CODE_SIGN_STYLE = Automatic;
				DEVELOPMENT_TEAM = Q7B2VTY86S;
				INFOPLIST_FILE = tippyTests/Info.plist;
				LD_RUNPATH_SEARCH_PATHS = "$(inherited) @executable_path/Frameworks @loader_path/Frameworks";
				PRODUCT_BUNDLE_IDENTIFIER = courses.cs.purdue.edu.tippyTests;
				PRODUCT_NAME = "$(TARGET_NAME)";
				SWIFT_VERSION = 4.0;
				TARGETED_DEVICE_FAMILY = "1,2";
				TEST_HOST = "$(BUILT_PRODUCTS_DIR)/tippy.app/tippy";
			};
			name = Debug;
		};
		C67064B11FE1E57600C86B55 /* Release */ = {
			isa = XCBuildConfiguration;
			buildSettings = {
				ALWAYS_EMBED_SWIFT_STANDARD_LIBRARIES = YES;
				BUNDLE_LOADER = "$(TEST_HOST)";
				CODE_SIGN_STYLE = Automatic;
				DEVELOPMENT_TEAM = Q7B2VTY86S;
				INFOPLIST_FILE = tippyTests/Info.plist;
				LD_RUNPATH_SEARCH_PATHS = "$(inherited) @executable_path/Frameworks @loader_path/Frameworks";
				PRODUCT_BUNDLE_IDENTIFIER = courses.cs.purdue.edu.tippyTests;
				PRODUCT_NAME = "$(TARGET_NAME)";
				SWIFT_VERSION = 4.0;
				TARGETED_DEVICE_FAMILY = "1,2";
				TEST_HOST = "$(BUILT_PRODUCTS_DIR)/tippy.app/tippy";
			};
			name = Release;
		};
		C67064B31FE1E57600C86B55 /* Debug */ = {
			isa = XCBuildConfiguration;
			buildSettings = {
				ALWAYS_EMBED_SWIFT_STANDARD_LIBRARIES = YES;
				CODE_SIGN_STYLE = Automatic;
				DEVELOPMENT_TEAM = Q7B2VTY86S;
				INFOPLIST_FILE = tippyUITests/Info.plist;
				LD_RUNPATH_SEARCH_PATHS = "$(inherited) @executable_path/Frameworks @loader_path/Frameworks";
				PRODUCT_BUNDLE_IDENTIFIER = courses.cs.purdue.edu.tippyUITests;
				PRODUCT_NAME = "$(TARGET_NAME)";
				SWIFT_VERSION = 4.0;
				TARGETED_DEVICE_FAMILY = "1,2";
				TEST_TARGET_NAME = tippy;
			};
			name = Debug;
		};
		C67064B41FE1E57600C86B55 /* Release */ = {
			isa = XCBuildConfiguration;
			buildSettings = {
				ALWAYS_EMBED_SWIFT_STANDARD_LIBRARIES = YES;
				CODE_SIGN_STYLE = Automatic;
				DEVELOPMENT_TEAM = Q7B2VTY86S;
				INFOPLIST_FILE = tippyUITests/Info.plist;
				LD_RUNPATH_SEARCH_PATHS = "$(inherited) @executable_path/Frameworks @loader_path/Frameworks";
				PRODUCT_BUNDLE_IDENTIFIER = courses.cs.purdue.edu.tippyUITests;
				PRODUCT_NAME = "$(TARGET_NAME)";
				SWIFT_VERSION = 4.0;
				TARGETED_DEVICE_FAMILY = "1,2";
				TEST_TARGET_NAME = tippy;
			};
			name = Release;
		};
/* End XCBuildConfiguration section */

/* Begin XCConfigurationList section */
		C670647F1FE1E57500C86B55 /* Build configuration list for PBXProject "tippy" */ = {
			isa = XCConfigurationList;
			buildConfigurations = (
				C67064AA1FE1E57600C86B55 /* Debug */,
				C67064AB1FE1E57600C86B55 /* Release */,
			);
			defaultConfigurationIsVisible = 0;
			defaultConfigurationName = Release;
		};
		C67064AC1FE1E57600C86B55 /* Build configuration list for PBXNativeTarget "tippy" */ = {
			isa = XCConfigurationList;
			buildConfigurations = (
				C67064AD1FE1E57600C86B55 /* Debug */,
				C67064AE1FE1E57600C86B55 /* Release */,
			);
			defaultConfigurationIsVisible = 0;
			defaultConfigurationName = Release;
		};
		C67064AF1FE1E57600C86B55 /* Build configuration list for PBXNativeTarget "tippyTests" */ = {
			isa = XCConfigurationList;
			buildConfigurations = (
				C67064B01FE1E57600C86B55 /* Debug */,
				C67064B11FE1E57600C86B55 /* Release */,
			);
			defaultConfigurationIsVisible = 0;
			defaultConfigurationName = Release;
		};
		C67064B21FE1E57600C86B55 /* Build configuration list for PBXNativeTarget "tippyUITests" */ = {
			isa = XCConfigurationList;
			buildConfigurations = (
				C67064B31FE1E57600C86B55 /* Debug */,
				C67064B41FE1E57600C86B55 /* Release */,
			);
			defaultConfigurationIsVisible = 0;
			defaultConfigurationName = Release;
		};
/* End XCConfigurationList section */
	};
	rootObject = C670647C1FE1E57500C86B55 /* Project object */;
}
